
Microsoft Visual Studio Solution File, Format Version 12.00
# Visual Studio Version 17
VisualStudioVersion = 17.2.32616.157
MinimumVisualStudioVersion = 10.0.40219.1
Project("{FAE04EC0-301F-11D3-BF4B-00C04F79EFBC}") = "StatisticalAnalysisSystemDataParser", "StatisticalAnalysisSystemDataParser\StatisticalAnalysisSystemDataParser.csproj", "{7DCB5AE0-AE47-4F33-A087-4960F162D510}"
EndProject
Global
	GlobalSection(SolutionConfigurationPlatforms) = preSolution
		Debug|Any CPU = Debug|Any CPU
		Release|Any CPU = Release|Any CPU
	EndGlobalSection
	GlobalSection(ProjectConfigurationPlatforms) = postSolution
		{7DCB5AE0-AE47-4F33-A087-4960F162D510}.Debug|Any CPU.ActiveCfg = Debug|Any CPU
		{7DCB5AE0-AE47-4F33-A087-4960F162D510}.Debug|Any CPU.Build.0 = Debug|Any CPU
		{7DCB5AE0-AE47-4F33-A087-4960F162D510}.Release|Any CPU.ActiveCfg = Release|Any CPU
		{7DCB5AE0-AE47-4F33-A087-4960F162D510}.Release|Any CPU.Build.0 = Release|Any CPU
	EndGlobalSection
	GlobalSection(SolutionProperties) = preSolution
		HideSolutionNode = FALSE
	EndGlobalSection
	GlobalSection(ExtensibilityGlobals) = postSolution
		SolutionGuid = {8D8DB133-B956-40BA-A629-3AE2C65FD0F5}
	EndGlobalSection
EndGlobal
